
Microsoft Visual Studio Solution File, Format Version 12.00
# Visual Studio Version 17
VisualStudioVersion = 17.7.34009.444
MinimumVisualStudioVersion = 10.0.40219.1
Project("{9A19103F-16F7-4668-BE54-9A1E7A4F7556}") = "Entities", "Entity\Entities.csproj", "{C9A7EE05-BEA4-401D-B04A-CC1E45F48D4F}"
EndProject
Project("{9A19103F-16F7-4668-BE54-9A1E7A4F7556}") = "DataAccess", "DataAccess\DataAccess.csproj", "{B3974FCE-2926-469D-A30F-CC309687EDD9}"
EndProject
Project("{9A19103F-16F7-4668-BE54-9A1E7A4F7556}") = "Business", "Business\Business.csproj", "{CCCAF2CB-B7BC-4AEE-A69B-BC997ADB3E8F}"
EndProject
Project("{9A19103F-16F7-4668-BE54-9A1E7A4F7556}") = "Core", "Core\Core.csproj", "{116BA4E3-238D-421F-AFD2-8E639F587D1C}"
EndProject
Project("{9A19103F-16F7-4668-BE54-9A1E7A4F7556}") = "WinFormsApp3", "WinFormsApp3\WinFormsApp3.csproj", "{01DEABA4-AEC6-4DF0-882D-AC5ED9E1C256}"
EndProject
Project("{FAE04EC0-301F-11D3-BF4B-00C04F79EFBC}") = "API", "API\API.csproj", "{4FFF825F-DF49-40C8-8CB3-6B716DDBBDBE}"
EndProject
Global
	GlobalSection(SolutionConfigurationPlatforms) = preSolution
		Debug|Any CPU = Debug|Any CPU
		Release|Any CPU = Release|Any CPU
	EndGlobalSection
	GlobalSection(ProjectConfigurationPlatforms) = postSolution
		{C9A7EE05-BEA4-401D-B04A-CC1E45F48D4F}.Debug|Any CPU.ActiveCfg = Debug|Any CPU
		{C9A7EE05-BEA4-401D-B04A-CC1E45F48D4F}.Debug|Any CPU.Build.0 = Debug|Any CPU
		{C9A7EE05-BEA4-401D-B04A-CC1E45F48D4F}.Release|Any CPU.ActiveCfg = Release|Any CPU
		{C9A7EE05-BEA4-401D-B04A-CC1E45F48D4F}.Release|Any CPU.Build.0 = Release|Any CPU
		{B3974FCE-2926-469D-A30F-CC309687EDD9}.Debug|Any CPU.ActiveCfg = Debug|Any CPU
		{B3974FCE-2926-469D-A30F-CC309687EDD9}.Debug|Any CPU.Build.0 = Debug|Any CPU
		{B3974FCE-2926-469D-A30F-CC309687EDD9}.Release|Any CPU.ActiveCfg = Release|Any CPU
		{B3974FCE-2926-469D-A30F-CC309687EDD9}.Release|Any CPU.Build.0 = Release|Any CPU
		{CCCAF2CB-B7BC-4AEE-A69B-BC997ADB3E8F}.Debug|Any CPU.ActiveCfg = Debug|Any CPU
		{CCCAF2CB-B7BC-4AEE-A69B-BC997ADB3E8F}.Debug|Any CPU.Build.0 = Debug|Any CPU
		{CCCAF2CB-B7BC-4AEE-A69B-BC997ADB3E8F}.Release|Any CPU.ActiveCfg = Release|Any CPU
		{CCCAF2CB-B7BC-4AEE-A69B-BC997ADB3E8F}.Release|Any CPU.Build.0 = Release|Any CPU
		{116BA4E3-238D-421F-AFD2-8E639F587D1C}.Debug|Any CPU.ActiveCfg = Debug|Any CPU
		{116BA4E3-238D-421F-AFD2-8E639F587D1C}.Debug|Any CPU.Build.0 = Debug|Any CPU
		{116BA4E3-238D-421F-AFD2-8E639F587D1C}.Release|Any CPU.ActiveCfg = Release|Any CPU
		{116BA4E3-238D-421F-AFD2-8E639F587D1C}.Release|Any CPU.Build.0 = Release|Any CPU
		{01DEABA4-AEC6-4DF0-882D-AC5ED9E1C256}.Debug|Any CPU.ActiveCfg = Debug|Any CPU
		{01DEABA4-AEC6-4DF0-882D-AC5ED9E1C256}.Debug|Any CPU.Build.0 = Debug|Any CPU
		{01DEABA4-AEC6-4DF0-882D-AC5ED9E1C256}.Release|Any CPU.ActiveCfg = Release|Any CPU
		{01DEABA4-AEC6-4DF0-882D-AC5ED9E1C256}.Release|Any CPU.Build.0 = Release|Any CPU
		{4FFF825F-DF49-40C8-8CB3-6B716DDBBDBE}.Debug|Any CPU.ActiveCfg = Debug|Any CPU
		{4FFF825F-DF49-40C8-8CB3-6B716DDBBDBE}.Debug|Any CPU.Build.0 = Debug|Any CPU
		{4FFF825F-DF49-40C8-8CB3-6B716DDBBDBE}.Release|Any CPU.ActiveCfg = Release|Any CPU
		{4FFF825F-DF49-40C8-8CB3-6B716DDBBDBE}.Release|Any CPU.Build.0 = Release|Any CPU
	EndGlobalSection
	GlobalSection(SolutionProperties) = preSolution
		HideSolutionNode = FALSE
	EndGlobalSection
	GlobalSection(ExtensibilityGlobals) = postSolution
		SolutionGuid = {A49ED335-9E36-403A-963C-FEE2DA46527D}
	EndGlobalSection
EndGlobal
